
Microsoft Visual Studio Solution File, Format Version 12.00
# Visual Studio Version 16
VisualStudioVersion = 16.0.29926.136
MinimumVisualStudioVersion = 10.0.40219.1
Project("{FAE04EC0-301F-11D3-BF4B-00C04F79EFBC}") = "ElectroCo", "ElectroCo\ElectroCo.csproj", "{AF4139B9-5E07-4D4A-AAF4-0CD2CF30FFA2}"
EndProject
Global
	GlobalSection(SolutionConfigurationPlatforms) = preSolution
		Debug|Any CPU = Debug|Any CPU
		Release|Any CPU = Release|Any CPU
	EndGlobalSection
	GlobalSection(ProjectConfigurationPlatforms) = postSolution
		{AF4139B9-5E07-4D4A-AAF4-0CD2CF30FFA2}.Debug|Any CPU.ActiveCfg = Debug|Any CPU
		{AF4139B9-5E07-4D4A-AAF4-0CD2CF30FFA2}.Debug|Any CPU.Build.0 = Debug|Any CPU
		{AF4139B9-5E07-4D4A-AAF4-0CD2CF30FFA2}.Release|Any CPU.ActiveCfg = Release|Any CPU
		{AF4139B9-5E07-4D4A-AAF4-0CD2CF30FFA2}.Release|Any CPU.Build.0 = Release|Any CPU
	EndGlobalSection
	GlobalSection(SolutionProperties) = preSolution
		HideSolutionNode = FALSE
	EndGlobalSection
	GlobalSection(ExtensibilityGlobals) = postSolution
		SolutionGuid = {595C6DB5-3DBB-4D0F-92E1-11149006D974}
	EndGlobalSection
EndGlobal
